
Microsoft Visual Studio Solution File, Format Version 12.00
# Visual Studio Version 17
VisualStudioVersion = 17.11.35312.102
MinimumVisualStudioVersion = 10.0.40219.1
Project("{FAE04EC0-301F-11D3-BF4B-00C04F79EFBC}") = "Spotify_Autorization_Code_Flow.Presentation", "Spotify_Autorization_Code_Flow.Presentation\Spotify_Autorization_Code_Flow.Presentation.csproj", "{CB36AB26-CFF0-452A-A51B-AB6BE2272D1F}"
EndProject
Project("{FAE04EC0-301F-11D3-BF4B-00C04F79EFBC}") = "Spotify_Autorization_Code_Flow.Domain", "Spotify_Autorization_Code_Flow.Domain\Spotify_Autorization_Code_Flow.Domain.csproj", "{87F3F23A-C24A-4D60-AE13-F01C72C7A8F8}"
EndProject
Project("{FAE04EC0-301F-11D3-BF4B-00C04F79EFBC}") = "Spotify_Autorization_Code_Flow.Application", "Spotify_Autorization_Code_Flow.Application\Spotify_Autorization_Code_Flow.Application.csproj", "{55553A12-4AA7-4560-9D14-456802772CDC}"
EndProject
Project("{2150E333-8FDC-42A3-9474-1A3956D46DE8}") = "Spotify_Autorization_Code_Flow.Infrastructure", "Spotify_Autorization_Code_Flow.Infrastructure", "{AA6EBFAE-95A0-44F0-A0E0-1C846E861E91}"
EndProject
Project("{FAE04EC0-301F-11D3-BF4B-00C04F79EFBC}") = "Spotify_Autorization_Code_Flow.External", "Spotify_Autorization_Code_Flow.External\Spotify_Autorization_Code_Flow.External.csproj", "{AE34ECBF-AD96-413A-8C7A-56366E35DA89}"
EndProject
Project("{FAE04EC0-301F-11D3-BF4B-00C04F79EFBC}") = "Spotify_Autorization_Code_Flow.Persistance", "Spotify_Autorization_Code_Flow.Persistance\Spotify_Autorization_Code_Flow.Persistance.csproj", "{72BEAADF-7E49-4DB3-A270-EA178A95B82A}"
EndProject
Global
	GlobalSection(SolutionConfigurationPlatforms) = preSolution
		Debug|Any CPU = Debug|Any CPU
		Release|Any CPU = Release|Any CPU
	EndGlobalSection
	GlobalSection(ProjectConfigurationPlatforms) = postSolution
		{CB36AB26-CFF0-452A-A51B-AB6BE2272D1F}.Debug|Any CPU.ActiveCfg = Debug|Any CPU
		{CB36AB26-CFF0-452A-A51B-AB6BE2272D1F}.Debug|Any CPU.Build.0 = Debug|Any CPU
		{CB36AB26-CFF0-452A-A51B-AB6BE2272D1F}.Release|Any CPU.ActiveCfg = Release|Any CPU
		{CB36AB26-CFF0-452A-A51B-AB6BE2272D1F}.Release|Any CPU.Build.0 = Release|Any CPU
		{87F3F23A-C24A-4D60-AE13-F01C72C7A8F8}.Debug|Any CPU.ActiveCfg = Debug|Any CPU
		{87F3F23A-C24A-4D60-AE13-F01C72C7A8F8}.Debug|Any CPU.Build.0 = Debug|Any CPU
		{87F3F23A-C24A-4D60-AE13-F01C72C7A8F8}.Release|Any CPU.ActiveCfg = Release|Any CPU
		{87F3F23A-C24A-4D60-AE13-F01C72C7A8F8}.Release|Any CPU.Build.0 = Release|Any CPU
		{55553A12-4AA7-4560-9D14-456802772CDC}.Debug|Any CPU.ActiveCfg = Debug|Any CPU
		{55553A12-4AA7-4560-9D14-456802772CDC}.Debug|Any CPU.Build.0 = Debug|Any CPU
		{55553A12-4AA7-4560-9D14-456802772CDC}.Release|Any CPU.ActiveCfg = Release|Any CPU
		{55553A12-4AA7-4560-9D14-456802772CDC}.Release|Any CPU.Build.0 = Release|Any CPU
		{AE34ECBF-AD96-413A-8C7A-56366E35DA89}.Debug|Any CPU.ActiveCfg = Debug|Any CPU
		{AE34ECBF-AD96-413A-8C7A-56366E35DA89}.Debug|Any CPU.Build.0 = Debug|Any CPU
		{AE34ECBF-AD96-413A-8C7A-56366E35DA89}.Release|Any CPU.ActiveCfg = Release|Any CPU
		{AE34ECBF-AD96-413A-8C7A-56366E35DA89}.Release|Any CPU.Build.0 = Release|Any CPU
		{72BEAADF-7E49-4DB3-A270-EA178A95B82A}.Debug|Any CPU.ActiveCfg = Debug|Any CPU
		{72BEAADF-7E49-4DB3-A270-EA178A95B82A}.Debug|Any CPU.Build.0 = Debug|Any CPU
		{72BEAADF-7E49-4DB3-A270-EA178A95B82A}.Release|Any CPU.ActiveCfg = Release|Any CPU
		{72BEAADF-7E49-4DB3-A270-EA178A95B82A}.Release|Any CPU.Build.0 = Release|Any CPU
	EndGlobalSection
	GlobalSection(SolutionProperties) = preSolution
		HideSolutionNode = FALSE
	EndGlobalSection
	GlobalSection(NestedProjects) = preSolution
		{AE34ECBF-AD96-413A-8C7A-56366E35DA89} = {AA6EBFAE-95A0-44F0-A0E0-1C846E861E91}
		{72BEAADF-7E49-4DB3-A270-EA178A95B82A} = {AA6EBFAE-95A0-44F0-A0E0-1C846E861E91}
	EndGlobalSection
	GlobalSection(ExtensibilityGlobals) = postSolution
		SolutionGuid = {FCF2341E-A5B9-4591-9297-52E47AC09FD8}
	EndGlobalSection
EndGlobal
